
Microsoft Visual Studio Solution File, Format Version 12.00
# Visual Studio Version 17
VisualStudioVersion = 17.9.34607.119
MinimumVisualStudioVersion = 10.0.40219.1
Project("{2150E333-8FDC-42A3-9474-1A3956D46DE8}") = "src", "src", "{3F614AE7-2EE2-41A4-84C5-10DFBBECF2C2}"
EndProject
Project("{2150E333-8FDC-42A3-9474-1A3956D46DE8}") = "Solution Items", "Solution Items", "{548B0A50-AA26-4F82-96B5-288F685A5937}"
	ProjectSection(SolutionItems) = preProject
		ServiceUrls.txt = ServiceUrls.txt
	EndProjectSection
EndProject
Project("{2150E333-8FDC-42A3-9474-1A3956D46DE8}") = "ApiGateways", "ApiGateways", "{676EA1C7-5B50-43BA-A72C-1D114DA361A8}"
EndProject
Project("{2150E333-8FDC-42A3-9474-1A3956D46DE8}") = "BuildingBlocks", "BuildingBlocks", "{8D21F6F5-4829-4125-B13A-FA475A4346DC}"
EndProject
Project("{2150E333-8FDC-42A3-9474-1A3956D46DE8}") = "EventBus", "EventBus", "{435EDAD8-5C61-4A86-A574-FD6E0EBCA2F6}"
EndProject
Project("{2150E333-8FDC-42A3-9474-1A3956D46DE8}") = "Services", "Services", "{A0E5AB29-7FFD-4DC5-95A0-3B82F7341C23}"
EndProject
Project("{2150E333-8FDC-42A3-9474-1A3956D46DE8}") = "IdentityService", "IdentityService", "{9164987B-BE4D-451F-A1E8-14FE72235355}"
EndProject
Project("{2150E333-8FDC-42A3-9474-1A3956D46DE8}") = "NotificationService", "NotificationService", "{7080ABEC-448C-4565-9741-351548EF71BE}"
EndProject
Project("{2150E333-8FDC-42A3-9474-1A3956D46DE8}") = "AppointmentService", "AppointmentService", "{C890214B-4500-4DE6-9914-FF2D0CCC160E}"
EndProject
Project("{2150E333-8FDC-42A3-9474-1A3956D46DE8}") = "HairSalonService", "HairSalonService", "{1F6BFF01-29AE-4F3C-BA6D-38EFA448D7DD}"
EndProject
Project("{2150E333-8FDC-42A3-9474-1A3956D46DE8}") = "HairdresserService", "HairdresserService", "{9EFF12BB-4A7C-4A91-9D85-9F9AB07040B7}"
EndProject
Project("{2150E333-8FDC-42A3-9474-1A3956D46DE8}") = "CustomerService", "CustomerService", "{239DA2EF-937E-4614-8D81-546F33E2DA44}"
EndProject
Project("{2150E333-8FDC-42A3-9474-1A3956D46DE8}") = "CommentService", "CommentService", "{BF75AAF5-FC36-4405-AD7B-8D57FEC7B045}"
EndProject
Project("{2150E333-8FDC-42A3-9474-1A3956D46DE8}") = "MobileClientApiGateway", "MobileClientApiGateway", "{9FDA99F9-DAD0-4C66-B6D4-546518790C2D}"
EndProject
Project("{FAE04EC0-301F-11D3-BF4B-00C04F79EFBC}") = "Mobile.ApiGateway", "src\ApiGateways\MobileClientApiGateway\Mobile.ApiGateway\Mobile.ApiGateway.csproj", "{0B88BAC5-044C-4F9C-944F-75D47F7C987B}"
EndProject
Project("{FAE04EC0-301F-11D3-BF4B-00C04F79EFBC}") = "EventBus.Base", "src\BuildingBlocks\EventBus\EventBus.Base\EventBus.Base.csproj", "{A99F7147-81E3-4A49-8E27-567BC8095FC4}"
EndProject
Project("{FAE04EC0-301F-11D3-BF4B-00C04F79EFBC}") = "EventBus.AzureServiceBus", "src\BuildingBlocks\EventBus\EventBus.AzureServiceBus\EventBus.AzureServiceBus.csproj", "{9FFABEA3-EB90-4BD8-A5DE-3141B6AC3F51}"
EndProject
Project("{FAE04EC0-301F-11D3-BF4B-00C04F79EFBC}") = "EventBus.Factory", "src\BuildingBlocks\EventBus\EventBus.Factory\EventBus.Factory.csproj", "{51E4FCF0-1395-432F-932E-F43937581E64}"
EndProject
Project("{FAE04EC0-301F-11D3-BF4B-00C04F79EFBC}") = "EventBus.RabbitMQ", "src\BuildingBlocks\EventBus\EventBus.RabbitMQ\EventBus.RabbitMQ.csproj", "{59B85165-4DD6-4D6C-87CC-0DC7BCF0A516}"
EndProject
Project("{FAE04EC0-301F-11D3-BF4B-00C04F79EFBC}") = "AppointmentService.API", "src\Services\AppointmentService\AppointmentService.API\AppointmentService.API.csproj", "{ECE1EC24-E494-459E-AC03-7967F2542B28}"
EndProject
Project("{FAE04EC0-301F-11D3-BF4B-00C04F79EFBC}") = "CommentService.API", "src\Services\CommentService\CommentService.API\CommentService.API.csproj", "{E8951E66-10FE-4865-8B00-E9D1D307D044}"
EndProject
Project("{FAE04EC0-301F-11D3-BF4B-00C04F79EFBC}") = "CustomerService.API", "src\Services\CustomerService\CustomerService.API\CustomerService.API.csproj", "{0A3F3E8B-6D95-415A-82DC-5494931447A0}"
EndProject
Project("{FAE04EC0-301F-11D3-BF4B-00C04F79EFBC}") = "HairdresserService.API", "src\Services\HairdresserService\HairdresserService.API\HairdresserService.API.csproj", "{DD1AA598-5535-44A8-A388-665BE6C9FFA6}"
EndProject
Project("{FAE04EC0-301F-11D3-BF4B-00C04F79EFBC}") = "HairSalonService.API", "src\Services\HairSalonService\HairSalonService.API\HairSalonService.API.csproj", "{7FCFF589-22CC-4835-BF85-2676ECE1374B}"
EndProject
Project("{FAE04EC0-301F-11D3-BF4B-00C04F79EFBC}") = "IdentityService.API", "src\Services\IdentityService\IdentityService.API\IdentityService.API.csproj", "{6E985058-A6B9-41C6-B2BC-1BED3DC45A1B}"
EndProject
Project("{FAE04EC0-301F-11D3-BF4B-00C04F79EFBC}") = "NotificationService.API", "src\Services\NotificationService\NotificationService.API\NotificationService.API.csproj", "{6E77D745-BB09-4903-A0F6-B46E580203A0}"
EndProject
Project("{FAE04EC0-301F-11D3-BF4B-00C04F79EFBC}") = "StorageService.API", "src\Services\StorageService\StorageService.API\StorageService.API.csproj", "{52704E57-D336-4525-960B-5AE5E884C437}"
EndProject
Project("{2150E333-8FDC-42A3-9474-1A3956D46DE8}") = "StorageService", "StorageService", "{A98F2BC8-E57E-4ADF-BBC9-2D180579C1AD}"
EndProject
Global
	GlobalSection(SolutionConfigurationPlatforms) = preSolution
		Debug|Any CPU = Debug|Any CPU
		Release|Any CPU = Release|Any CPU
	EndGlobalSection
	GlobalSection(ProjectConfigurationPlatforms) = postSolution
		{0B88BAC5-044C-4F9C-944F-75D47F7C987B}.Debug|Any CPU.ActiveCfg = Debug|Any CPU
		{0B88BAC5-044C-4F9C-944F-75D47F7C987B}.Debug|Any CPU.Build.0 = Debug|Any CPU
		{0B88BAC5-044C-4F9C-944F-75D47F7C987B}.Release|Any CPU.ActiveCfg = Release|Any CPU
		{0B88BAC5-044C-4F9C-944F-75D47F7C987B}.Release|Any CPU.Build.0 = Release|Any CPU
		{A99F7147-81E3-4A49-8E27-567BC8095FC4}.Debug|Any CPU.ActiveCfg = Debug|Any CPU
		{A99F7147-81E3-4A49-8E27-567BC8095FC4}.Debug|Any CPU.Build.0 = Debug|Any CPU
		{A99F7147-81E3-4A49-8E27-567BC8095FC4}.Release|Any CPU.ActiveCfg = Release|Any CPU
		{A99F7147-81E3-4A49-8E27-567BC8095FC4}.Release|Any CPU.Build.0 = Release|Any CPU
		{9FFABEA3-EB90-4BD8-A5DE-3141B6AC3F51}.Debug|Any CPU.ActiveCfg = Debug|Any CPU
		{9FFABEA3-EB90-4BD8-A5DE-3141B6AC3F51}.Debug|Any CPU.Build.0 = Debug|Any CPU
		{9FFABEA3-EB90-4BD8-A5DE-3141B6AC3F51}.Release|Any CPU.ActiveCfg = Release|Any CPU
		{9FFABEA3-EB90-4BD8-A5DE-3141B6AC3F51}.Release|Any CPU.Build.0 = Release|Any CPU
		{51E4FCF0-1395-432F-932E-F43937581E64}.Debug|Any CPU.ActiveCfg = Debug|Any CPU
		{51E4FCF0-1395-432F-932E-F43937581E64}.Debug|Any CPU.Build.0 = Debug|Any CPU
		{51E4FCF0-1395-432F-932E-F43937581E64}.Release|Any CPU.ActiveCfg = Release|Any CPU
		{51E4FCF0-1395-432F-932E-F43937581E64}.Release|Any CPU.Build.0 = Release|Any CPU
		{59B85165-4DD6-4D6C-87CC-0DC7BCF0A516}.Debug|Any CPU.ActiveCfg = Debug|Any CPU
		{59B85165-4DD6-4D6C-87CC-0DC7BCF0A516}.Debug|Any CPU.Build.0 = Debug|Any CPU
		{59B85165-4DD6-4D6C-87CC-0DC7BCF0A516}.Release|Any CPU.ActiveCfg = Release|Any CPU
		{59B85165-4DD6-4D6C-87CC-0DC7BCF0A516}.Release|Any CPU.Build.0 = Release|Any CPU
		{ECE1EC24-E494-459E-AC03-7967F2542B28}.Debug|Any CPU.ActiveCfg = Debug|Any CPU
		{ECE1EC24-E494-459E-AC03-7967F2542B28}.Debug|Any CPU.Build.0 = Debug|Any CPU
		{ECE1EC24-E494-459E-AC03-7967F2542B28}.Release|Any CPU.ActiveCfg = Release|Any CPU
		{ECE1EC24-E494-459E-AC03-7967F2542B28}.Release|Any CPU.Build.0 = Release|Any CPU
		{E8951E66-10FE-4865-8B00-E9D1D307D044}.Debug|Any CPU.ActiveCfg = Debug|Any CPU
		{E8951E66-10FE-4865-8B00-E9D1D307D044}.Debug|Any CPU.Build.0 = Debug|Any CPU
		{E8951E66-10FE-4865-8B00-E9D1D307D044}.Release|Any CPU.ActiveCfg = Release|Any CPU
		{E8951E66-10FE-4865-8B00-E9D1D307D044}.Release|Any CPU.Build.0 = Release|Any CPU
		{0A3F3E8B-6D95-415A-82DC-5494931447A0}.Debug|Any CPU.ActiveCfg = Debug|Any CPU
		{0A3F3E8B-6D95-415A-82DC-5494931447A0}.Debug|Any CPU.Build.0 = Debug|Any CPU
		{0A3F3E8B-6D95-415A-82DC-5494931447A0}.Release|Any CPU.ActiveCfg = Release|Any CPU
		{0A3F3E8B-6D95-415A-82DC-5494931447A0}.Release|Any CPU.Build.0 = Release|Any CPU
		{DD1AA598-5535-44A8-A388-665BE6C9FFA6}.Debug|Any CPU.ActiveCfg = Debug|Any CPU
		{DD1AA598-5535-44A8-A388-665BE6C9FFA6}.Debug|Any CPU.Build.0 = Debug|Any CPU
		{DD1AA598-5535-44A8-A388-665BE6C9FFA6}.Release|Any CPU.ActiveCfg = Release|Any CPU
		{DD1AA598-5535-44A8-A388-665BE6C9FFA6}.Release|Any CPU.Build.0 = Release|Any CPU
		{7FCFF589-22CC-4835-BF85-2676ECE1374B}.Debug|Any CPU.ActiveCfg = Debug|Any CPU
		{7FCFF589-22CC-4835-BF85-2676ECE1374B}.Debug|Any CPU.Build.0 = Debug|Any CPU
		{7FCFF589-22CC-4835-BF85-2676ECE1374B}.Release|Any CPU.ActiveCfg = Release|Any CPU
		{7FCFF589-22CC-4835-BF85-2676ECE1374B}.Release|Any CPU.Build.0 = Release|Any CPU
		{6E985058-A6B9-41C6-B2BC-1BED3DC45A1B}.Debug|Any CPU.ActiveCfg = Debug|Any CPU
		{6E985058-A6B9-41C6-B2BC-1BED3DC45A1B}.Debug|Any CPU.Build.0 = Debug|Any CPU
		{6E985058-A6B9-41C6-B2BC-1BED3DC45A1B}.Release|Any CPU.ActiveCfg = Release|Any CPU
		{6E985058-A6B9-41C6-B2BC-1BED3DC45A1B}.Release|Any CPU.Build.0 = Release|Any CPU
		{6E77D745-BB09-4903-A0F6-B46E580203A0}.Debug|Any CPU.ActiveCfg = Debug|Any CPU
		{6E77D745-BB09-4903-A0F6-B46E580203A0}.Debug|Any CPU.Build.0 = Debug|Any CPU
		{6E77D745-BB09-4903-A0F6-B46E580203A0}.Release|Any CPU.ActiveCfg = Release|Any CPU
		{6E77D745-BB09-4903-A0F6-B46E580203A0}.Release|Any CPU.Build.0 = Release|Any CPU
		{52704E57-D336-4525-960B-5AE5E884C437}.Debug|Any CPU.ActiveCfg = Debug|Any CPU
		{52704E57-D336-4525-960B-5AE5E884C437}.Debug|Any CPU.Build.0 = Debug|Any CPU
		{52704E57-D336-4525-960B-5AE5E884C437}.Release|Any CPU.ActiveCfg = Release|Any CPU
		{52704E57-D336-4525-960B-5AE5E884C437}.Release|Any CPU.Build.0 = Release|Any CPU
	EndGlobalSection
	GlobalSection(SolutionProperties) = preSolution
		HideSolutionNode = FALSE
	EndGlobalSection
	GlobalSection(NestedProjects) = preSolution
		{676EA1C7-5B50-43BA-A72C-1D114DA361A8} = {3F614AE7-2EE2-41A4-84C5-10DFBBECF2C2}
		{8D21F6F5-4829-4125-B13A-FA475A4346DC} = {3F614AE7-2EE2-41A4-84C5-10DFBBECF2C2}
		{435EDAD8-5C61-4A86-A574-FD6E0EBCA2F6} = {8D21F6F5-4829-4125-B13A-FA475A4346DC}
		{A0E5AB29-7FFD-4DC5-95A0-3B82F7341C23} = {3F614AE7-2EE2-41A4-84C5-10DFBBECF2C2}
		{9164987B-BE4D-451F-A1E8-14FE72235355} = {A0E5AB29-7FFD-4DC5-95A0-3B82F7341C23}
		{7080ABEC-448C-4565-9741-351548EF71BE} = {A0E5AB29-7FFD-4DC5-95A0-3B82F7341C23}
		{C890214B-4500-4DE6-9914-FF2D0CCC160E} = {A0E5AB29-7FFD-4DC5-95A0-3B82F7341C23}
		{1F6BFF01-29AE-4F3C-BA6D-38EFA448D7DD} = {A0E5AB29-7FFD-4DC5-95A0-3B82F7341C23}
		{9EFF12BB-4A7C-4A91-9D85-9F9AB07040B7} = {A0E5AB29-7FFD-4DC5-95A0-3B82F7341C23}
		{239DA2EF-937E-4614-8D81-546F33E2DA44} = {A0E5AB29-7FFD-4DC5-95A0-3B82F7341C23}
		{BF75AAF5-FC36-4405-AD7B-8D57FEC7B045} = {A0E5AB29-7FFD-4DC5-95A0-3B82F7341C23}
		{9FDA99F9-DAD0-4C66-B6D4-546518790C2D} = {676EA1C7-5B50-43BA-A72C-1D114DA361A8}
		{0B88BAC5-044C-4F9C-944F-75D47F7C987B} = {9FDA99F9-DAD0-4C66-B6D4-546518790C2D}
		{A99F7147-81E3-4A49-8E27-567BC8095FC4} = {435EDAD8-5C61-4A86-A574-FD6E0EBCA2F6}
		{9FFABEA3-EB90-4BD8-A5DE-3141B6AC3F51} = {435EDAD8-5C61-4A86-A574-FD6E0EBCA2F6}
		{51E4FCF0-1395-432F-932E-F43937581E64} = {435EDAD8-5C61-4A86-A574-FD6E0EBCA2F6}
		{59B85165-4DD6-4D6C-87CC-0DC7BCF0A516} = {435EDAD8-5C61-4A86-A574-FD6E0EBCA2F6}
		{ECE1EC24-E494-459E-AC03-7967F2542B28} = {C890214B-4500-4DE6-9914-FF2D0CCC160E}
		{E8951E66-10FE-4865-8B00-E9D1D307D044} = {BF75AAF5-FC36-4405-AD7B-8D57FEC7B045}
		{0A3F3E8B-6D95-415A-82DC-5494931447A0} = {239DA2EF-937E-4614-8D81-546F33E2DA44}
		{DD1AA598-5535-44A8-A388-665BE6C9FFA6} = {9EFF12BB-4A7C-4A91-9D85-9F9AB07040B7}
		{7FCFF589-22CC-4835-BF85-2676ECE1374B} = {1F6BFF01-29AE-4F3C-BA6D-38EFA448D7DD}
		{6E985058-A6B9-41C6-B2BC-1BED3DC45A1B} = {9164987B-BE4D-451F-A1E8-14FE72235355}
		{6E77D745-BB09-4903-A0F6-B46E580203A0} = {7080ABEC-448C-4565-9741-351548EF71BE}
		{52704E57-D336-4525-960B-5AE5E884C437} = {A98F2BC8-E57E-4ADF-BBC9-2D180579C1AD}
		{A98F2BC8-E57E-4ADF-BBC9-2D180579C1AD} = {A0E5AB29-7FFD-4DC5-95A0-3B82F7341C23}
	EndGlobalSection
	GlobalSection(ExtensibilityGlobals) = postSolution
		SolutionGuid = {43BEAE97-F839-4090-845F-A1C664C4DE03}
	EndGlobalSection
EndGlobal
